
Microsoft Visual Studio Solution File, Format Version 12.00
# Visual Studio Version 17
VisualStudioVersion = 17.7.34024.191
MinimumVisualStudioVersion = 10.0.40219.1
Project("{FAE04EC0-301F-11D3-BF4B-00C04F79EFBC}") = "EFCodeFirstDemoProject", "EFCodeFirstDemoProject.csproj", "{66742125-9590-4ACF-A3AE-643B1552781E}"
EndProject
Global
	GlobalSection(SolutionConfigurationPlatforms) = preSolution
		Debug|Any CPU = Debug|Any CPU
		Release|Any CPU = Release|Any CPU
	EndGlobalSection
	GlobalSection(ProjectConfigurationPlatforms) = postSolution
		{66742125-9590-4ACF-A3AE-643B1552781E}.Debug|Any CPU.ActiveCfg = Debug|Any CPU
		{66742125-9590-4ACF-A3AE-643B1552781E}.Debug|Any CPU.Build.0 = Debug|Any CPU
		{66742125-9590-4ACF-A3AE-643B1552781E}.Release|Any CPU.ActiveCfg = Release|Any CPU
		{66742125-9590-4ACF-A3AE-643B1552781E}.Release|Any CPU.Build.0 = Release|Any CPU
	EndGlobalSection
	GlobalSection(SolutionProperties) = preSolution
		HideSolutionNode = FALSE
	EndGlobalSection
	GlobalSection(ExtensibilityGlobals) = postSolution
		SolutionGuid = {D43332B6-355A-4C76-A954-D53F5C8F4BE7}
	EndGlobalSection
EndGlobal
